<?xml version="1.0" encoding="utf-8"?>
<Project ToolsVersion="4.0" xmlns="http://schemas.microsoft.com/developer/msbuild/2003">
  <ItemGroup>
    <Filter Include="Source Files">
      <UniqueIdentifier>{4FC737F1-C7A5-4376-A066-2A32D752A2FF}</UniqueIdentifier>
      <Extensions>cpp;c;cc;cxx;c++;cppm;ixx;def;odl;idl;hpj;bat;asm;asmx</Extensions>
    </Filter>
    <Filter Include="Header Files">
      <UniqueIdentifier>{93995380-89BD-4b04-88EB-625FBE52EBFB}</UniqueIdentifier>
      <Extensions>h;hh;hpp;hxx;h++;hm;inl;inc;ipp;xsd</Extensions>
    </Filter>
    <Filter Include="Resource Files">
      <UniqueIdentifier>{67DA6AB6-F800-4c08-8B7A-83BB121AAD01}</UniqueIdentifier>
      <Extensions>rc;ico;cur;bmp;dlg;rc2;rct;bin;rgs;gif;jpg;jpeg;jpe;resx;tiff;tif;png;wav;mfcribbon-ms</Extensions>
    </Filter>
    <Filter Include="Modelo">
      <UniqueIdentifier>{6abfe1dd-c97c-499f-8106-9e67861e5f8e}</UniqueIdentifier>
    </Filter>
    <Filter Include="Interfaces">
      <UniqueIdentifier>{60373d93-049d-4225-959e-ba29e3b5df90}</UniqueIdentifier>
    </Filter>
    <Filter Include="Visual">
      <UniqueIdentifier>{6292319b-c467-458a-aadd-a91fa7558997}</UniqueIdentifier>
    </Filter>
    <Filter Include="Presentador">
      <UniqueIdentifier>{1bd553b2-8624-4345-a320-11b1518dd6b3}</UniqueIdentifier>
    </Filter>
  </ItemGroup>
  <ItemGroup>
    <ClCompile Include="main.cpp" />
    <ClCompile Include="Graph.cpp">
      <Filter>Modelo</Filter>
    </ClCompile>
    <ClCompile Include="Node.cpp">
      <Filter>Modelo</Filter>
    </ClCompile>
    <ClCompile Include="Object.cpp">
      <Filter>Modelo</Filter>
    </ClCompile>
    <ClCompile Include="Tanque.cpp">
      <Filter>Modelo</Filter>
    </ClCompile>
    <ClCompile Include="Jugador.cpp">
      <Filter>Modelo</Filter>
    </ClCompile>
    <ClCompile Include="Cola.cpp">
      <Filter>Modelo</Filter>
    </ClCompile>
    <ClCompile Include="Powerup.cpp">
      <Filter>Modelo</Filter>
    </ClCompile>
    <ClCompile Include="Cola_Prioridad.cpp">
      <Filter>Modelo</Filter>
    </ClCompile>
    <ClCompile Include="Pathfiding.cpp">
      <Filter>Modelo</Filter>
    </ClCompile>
    <ClCompile Include="Obstaculo.cpp">
      <Filter>Modelo</Filter>
    </ClCompile>
    <ClCompile Include="SistemaTurnos.cpp">
      <Filter>Modelo</Filter>
    </ClCompile>
    <ClCompile Include="Bala.cpp">
      <Filter>Modelo</Filter>
    </ClCompile>
    <ClCompile Include="Renderer.cpp">
      <Filter>Visual</Filter>
    </ClCompile>
    <ClCompile Include="Presentador.cpp">
      <Filter>Presentador</Filter>
    </ClCompile>
  </ItemGroup>
  <ItemGroup>
    <ClInclude Include="Node.h">
      <Filter>Interfaces</Filter>
    </ClInclude>
    <ClInclude Include="Graph.h">
      <Filter>Interfaces</Filter>
    </ClInclude>
    <ClInclude Include="Object.h">
      <Filter>Interfaces</Filter>
    </ClInclude>
    <ClInclude Include="Tanque.h">
      <Filter>Interfaces</Filter>
    </ClInclude>
    <ClInclude Include="Jugador.h">
      <Filter>Interfaces</Filter>
    </ClInclude>
    <ClInclude Include="Cola.h">
      <Filter>Interfaces</Filter>
    </ClInclude>
    <ClInclude Include="Powerup.h">
      <Filter>Interfaces</Filter>
    </ClInclude>
    <ClInclude Include="Cola_Prioridad.h">
      <Filter>Interfaces</Filter>
    </ClInclude>
    <ClInclude Include="Pathfinding.h">
      <Filter>Interfaces</Filter>
    </ClInclude>
    <ClInclude Include="Obstaculo.h">
      <Filter>Interfaces</Filter>
    </ClInclude>
    <ClInclude Include="SistemaTurnos.h">
      <Filter>Interfaces</Filter>
    </ClInclude>
    <ClInclude Include="Bala.h">
      <Filter>Interfaces</Filter>
    </ClInclude>
    <ClInclude Include="Renderer.h">
      <Filter>Interfaces</Filter>
    </ClInclude>
    <ClInclude Include="Presentador.h">
      <Filter>Interfaces</Filter>
    </ClInclude>
  </ItemGroup>
</Project>